schema: '2.0'
stages:
  data_ingestion:
    cmd: python src/data_ingestion.py
    deps:
    - path: src/data_ingestion.py
      hash: md5
      md5: d2857c4a9f8822e38b4fc5942ae1d6ce
      size: 3536
    outs:
    - path: data/raw
      hash: md5
      md5: 3b3cf3a9ca588cc150553eee569b3fe3.dir
      size: 484846
      nfiles: 2
  data_preprocessing:
    cmd: python src/data_preprocessing.py
    deps:
    - path: data/raw
      hash: md5
      md5: 3b3cf3a9ca588cc150553eee569b3fe3.dir
      size: 484846
      nfiles: 2
    - path: src/data_preprocessing.py
      hash: md5
      md5: e3fbcd7576787c5cea49e3e90bfcfc24
      size: 3889
    outs:
    - path: data/interim
      hash: md5
      md5: 0f0eae426f67d8a35ebf9cd0a4a3017f.dir
      size: 262075
      nfiles: 2
  feature_engineering:
    cmd: python src/feature_engineering.py
    deps:
    - path: data/interim
      hash: md5
      md5: 0f0eae426f67d8a35ebf9cd0a4a3017f.dir
      size: 262075
      nfiles: 2
    - path: src/feature_engineering.py
      hash: md5
      md5: 12973bce7ba894b103032aa706185a54
      size: 3946
    outs:
    - path: data/processed
      hash: md5
      md5: 1f17847b4c631295919ffb295a79960d.dir
      size: 1186368
      nfiles: 2
  model_building:
    cmd: python src/model_building.py
    deps:
    - path: data/processed
      hash: md5
      md5: 1f17847b4c631295919ffb295a79960d.dir
      size: 1186368
      nfiles: 2
    - path: src/model_building.py
      hash: md5
      md5: 667bc237de3fc3e0053fd0392484c212
      size: 4526
    outs:
    - path: models/model.pkl
      hash: md5
      md5: 9b69e86a2fd902b8d91ea02fba8b0f81
      size: 1051913
  model_evaluation:
    cmd: python src/model_evaluation.py
    deps:
    - path: models/model.pkl
      hash: md5
      md5: 9b69e86a2fd902b8d91ea02fba8b0f81
      size: 1051913
    - path: src/model_evaluation.py
      hash: md5
      md5: 1fe3525c6a3952c6b7ee9a452ef45419
      size: 4685
    outs:
    - path: reports/metrics.json
      hash: md5
      md5: 356876bbc4b7572f5616b3589bdebd02
      size: 145
